// !$*UTF8*$!
{
	archiveVersion = 1;
	classes = {
	};
	objectVersion = 48;
	objects = {

/* Begin PBXBuildFile section */
		76EC4B352018B0E600E943EB /* AppDelegate.m in Sources */ = {isa = PBXBuildFile; fileRef = 76EC4B342018B0E600E943EB /* AppDelegate.m */; };
		76EC4B382018B0E600E943EB /* ViewController.m in Sources */ = {isa = PBXBuildFile; fileRef = 76EC4B372018B0E600E943EB /* ViewController.m */; };
		76EC4B3B2018B0E600E943EB /* Main.storyboard in Resources */ = {isa = PBXBuildFile; fileRef = 76EC4B392018B0E600E943EB /* Main.storyboard */; };
		76EC4B3E2018B0E600E943EB /* EndButton.xcdatamodeld in Sources */ = {isa = PBXBuildFile; fileRef = 76EC4B3C2018B0E600E943EB /* EndButton.xcdatamodeld */; };
		76EC4B402018B0E600E943EB /* Assets.xcassets in Resources */ = {isa = PBXBuildFile; fileRef = 76EC4B3F2018B0E600E943EB /* Assets.xcassets */; };
		76EC4B432018B0E600E943EB /* LaunchScreen.storyboard in Resources */ = {isa = PBXBuildFile; fileRef = 76EC4B412018B0E600E943EB /* LaunchScreen.storyboard */; };
		76EC4B462018B0E600E943EB /* main.m in Sources */ = {isa = PBXBuildFile; fileRef = 76EC4B452018B0E600E943EB /* main.m */; };
		76EC4B4F2018B0FD00E943EB /* LPEndButton.m in Sources */ = {isa = PBXBuildFile; fileRef = 76EC4B4E2018B0FD00E943EB /* LPEndButton.m */; };
/* End PBXBuildFile section */

/* Begin PBXFileReference section */
		76EC4B302018B0E600E943EB /* EndButton.app */ = {isa = PBXFileReference; explicitFileType = wrapper.application; includeInIndex = 0; path = EndButton.app; sourceTree = BUILT_PRODUCTS_DIR; };
		76EC4B332018B0E600E943EB /* AppDelegate.h */ = {isa = PBXFileReference; lastKnownFileType = sourcecode.c.h; path = AppDelegate.h; sourceTree = "<group>"; };
		76EC4B342018B0E600E943EB /* AppDelegate.m */ = {isa = PBXFileReference; lastKnownFileType = sourcecode.c.objc; path = AppDelegate.m; sourceTree = "<group>"; };
		76EC4B362018B0E600E943EB /* ViewController.h */ = {isa = PBXFileReference; lastKnownFileType = sourcecode.c.h; path = ViewController.h; sourceTree = "<group>"; };
		76EC4B372018B0E600E943EB /* ViewController.m */ = {isa = PBXFileReference; lastKnownFileType = sourcecode.c.objc; path = ViewController.m; sourceTree = "<group>"; };
		76EC4B3A2018B0E600E943EB /* Base */ = {isa = PBXFileReference; lastKnownFileType = file.storyboard; name = Base; path = Base.lproj/Main.storyboard; sourceTree = "<group>"; };
		76EC4B3D2018B0E600E943EB /* EndButton.xcdatamodel */ = {isa = PBXFileReference; lastKnownFileType = wrapper.xcdatamodel; path = EndButton.xcdatamodel; sourceTree = "<group>"; };
		76EC4B3F2018B0E600E943EB /* Assets.xcassets */ = {isa = PBXFileReference; lastKnownFileType = folder.assetcatalog; path = Assets.xcassets; sourceTree = "<group>"; };
		76EC4B422018B0E600E943EB /* Base */ = {isa = PBXFileReference; lastKnownFileType = file.storyboard; name = Base; path = Base.lproj/LaunchScreen.storyboard; sourceTree = "<group>"; };
		76EC4B442018B0E600E943EB /* Info.plist */ = {isa = PBXFileReference; lastKnownFileType = text.plist.xml; path = Info.plist; sourceTree = "<group>"; };
		76EC4B452018B0E600E943EB /* main.m */ = {isa = PBXFileReference; lastKnownFileType = sourcecode.c.objc; path = main.m; sourceTree = "<group>"; };
		76EC4B4D2018B0FD00E943EB /* LPEndButton.h */ = {isa = PBXFileReference; fileEncoding = 4; lastKnownFileType = sourcecode.c.h; path = LPEndButton.h; sourceTree = "<group>"; };
		76EC4B4E2018B0FD00E943EB /* LPEndButton.m */ = {isa = PBXFileReference; fileEncoding = 4; lastKnownFileType = sourcecode.c.objc; path = LPEndButton.m; sourceTree = "<group>"; };
/* End PBXFileReference section */

/* Begin PBXFrameworksBuildPhase section */
		76EC4B2D2018B0E600E943EB /* Frameworks */ = {
			isa = PBXFrameworksBuildPhase;
			buildActionMask = 2147483647;
			files = (
			);
			runOnlyForDeploymentPostprocessing = 0;
		};
/* End PBXFrameworksBuildPhase section */

/* Begin PBXGroup section */
		76EC4B272018B0E600E943EB = {
			isa = PBXGroup;
			children = (
				76EC4B322018B0E600E943EB /* EndButton */,
				76EC4B312018B0E600E943EB /* Products */,
			);
			sourceTree = "<group>";
		};
		76EC4B312018B0E600E943EB /* Products */ = {
			isa = PBXGroup;
			children = (
				76EC4B302018B0E600E943EB /* EndButton.app */,
			);
			name = Products;
			sourceTree = "<group>";
		};
		76EC4B322018B0E600E943EB /* EndButton */ = {
			isa = PBXGroup;
			children = (
				76EC4B4C2018B0FD00E943EB /* MDEndButton */,
				76EC4B332018B0E600E943EB /* AppDelegate.h */,
				76EC4B342018B0E600E943EB /* AppDelegate.m */,
				76EC4B362018B0E600E943EB /* ViewController.h */,
				76EC4B372018B0E600E943EB /* ViewController.m */,
				76EC4B392018B0E600E943EB /* Main.storyboard */,
				76EC4B3F2018B0E600E943EB /* Assets.xcassets */,
				76EC4B412018B0E600E943EB /* LaunchScreen.storyboard */,
				76EC4B442018B0E600E943EB /* Info.plist */,
				76EC4B452018B0E600E943EB /* main.m */,
				76EC4B3C2018B0E600E943EB /* EndButton.xcdatamodeld */,
			);
			path = EndButton;
			sourceTree = "<group>";
		};
		76EC4B4C2018B0FD00E943EB /* MDEndButton */ = {
			isa = PBXGroup;
			children = (
				76EC4B4D2018B0FD00E943EB /* LPEndButton.h */,
				76EC4B4E2018B0FD00E943EB /* LPEndButton.m */,
			);
			path = MDEndButton;
			sourceTree = SOURCE_ROOT;
		};
/* End PBXGroup section */

/* Begin PBXNativeTarget section */
		76EC4B2F2018B0E600E943EB /* EndButton */ = {
			isa = PBXNativeTarget;
			buildConfigurationList = 76EC4B492018B0E600E943EB /* Build configuration list for PBXNativeTarget "EndButton" */;
			buildPhases = (
				76EC4B2C2018B0E600E943EB /* Sources */,
				76EC4B2D2018B0E600E943EB /* Frameworks */,
				76EC4B2E2018B0E600E943EB /* Resources */,
			);
			buildRules = (
			);
			dependencies = (
			);
			name = EndButton;
			productName = EndButton;
			productReference = 76EC4B302018B0E600E943EB /* EndButton.app */;
			productType = "com.apple.product-type.application";
		};
/* End PBXNativeTarget section */

/* Begin PBXProject section */
		76EC4B282018B0E600E943EB /* Project object */ = {
			isa = PBXProject;
			attributes = {
				LastUpgradeCheck = 0920;
				ORGANIZATIONNAME = kiki;
				TargetAttributes = {
					76EC4B2F2018B0E600E943EB = {
						CreatedOnToolsVersion = 9.2;
						ProvisioningStyle = Automatic;
					};
				};
			};
			buildConfigurationList = 76EC4B2B2018B0E600E943EB /* Build configuration list for PBXProject "EndButton" */;
			compatibilityVersion = "Xcode 8.0";
			developmentRegion = en;
			hasScannedForEncodings = 0;
			knownRegions = (
				en,
				Base,
			);
			mainGroup = 76EC4B272018B0E600E943EB;
			productRefGroup = 76EC4B312018B0E600E943EB /* Products */;
			projectDirPath = "";
			projectRoot = "";
			targets = (
				76EC4B2F2018B0E600E943EB /* EndButton */,
			);
		};
/* End PBXProject section */

/* Begin PBXResourcesBuildPhase section */
		76EC4B2E2018B0E600E943EB /* Resources */ = {
			isa = PBXResourcesBuildPhase;
			buildActionMask = 2147483647;
			files = (
				76EC4B432018B0E600E943EB /* LaunchScreen.storyboard in Resources */,
				76EC4B402018B0E600E943EB /* Assets.xcassets in Resources */,
				76EC4B3B2018B0E600E943EB /* Main.storyboard in Resources */,
			);
			runOnlyForDeploymentPostprocessing = 0;
		};
/* End PBXResourcesBuildPhase section */

/* Begin PBXSourcesBuildPhase section */
		76EC4B2C2018B0E600E943EB /* Sources */ = {
			isa = PBXSourcesBuildPhase;
			buildActionMask = 2147483647;
			files = (
				76EC4B3E2018B0E600E943EB /* EndButton.xcdatamodeld in Sources */,
				76EC4B382018B0E600E943EB /* ViewController.m in Sources */,
				76EC4B462018B0E600E943EB /* main.m in Sources */,
				76EC4B352018B0E600E943EB /* AppDelegate.m in Sources */,
				76EC4B4F2018B0FD00E943EB /* LPEndButton.m in Sources */,
			);
			runOnlyForDeploymentPostprocessing = 0;
		};
/* End PBXSourcesBuildPhase section */

/* Begin PBXVariantGroup section */
		76EC4B392018B0E600E943EB /* Main.storyboard */ = {
			isa = PBXVariantGroup;
			children = (
				76EC4B3A2018B0E600E943EB /* Base */,
			);
			name = Main.storyboard;
			sourceTree = "<group>";
		};
		76EC4B412018B0E600E943EB /* LaunchScreen.storyboard */ = {
			isa = PBXVariantGroup;
			children = (
				76EC4B422018B0E600E943EB /* Base */,
			);
			name = LaunchScreen.storyboard;
			sourceTree = "<group>";
		};
/* End PBXVariantGroup section */

/* Begin XCBuildConfiguration section */
		76EC4B472018B0E600E943EB /* Debug */ = {
			isa = XCBuildConfiguration;
			buildSettings = {
				ALWAYS_SEARCH_USER_PATHS = NO;
				CLANG_ANALYZER_NONNULL = YES;
				CLANG_ANALYZER_NUMBER_OBJECT_CONVERSION = YES_AGGRESSIVE;
				CLANG_CXX_LANGUAGE_STANDARD = "gnu++14";
				CLANG_CXX_LIBRARY = "libc++";
				CLANG_ENABLE_MODULES = YES;
				CLANG_ENABLE_OBJC_ARC = YES;
				CLANG_WARN_BLOCK_CAPTURE_AUTORELEASING = YES;
				CLANG_WARN_BOOL_CONVERSION = YES;
				CLANG_WARN_COMMA = YES;
				CLANG_WARN_CONSTANT_CONVERSION = YES;
				CLANG_WARN_DIRECT_OBJC_ISA_USAGE = YES_ERROR;
				CLANG_WARN_DOCUMENTATION_COMMENTS = YES;
				CLANG_WARN_EMPTY_BODY = YES;
				CLANG_WARN_ENUM_CONVERSION = YES;
				CLANG_WARN_INFINITE_RECURSION = YES;
				CLANG_WARN_INT_CONVERSION = YES;
				CLANG_WARN_NON_LITERAL_NULL_CONVERSION = YES;
				CLANG_WARN_OBJC_LITERAL_CONVERSION = YES;
				CLANG_WARN_OBJC_ROOT_CLASS = YES_ERROR;
				CLANG_WARN_RANGE_LOOP_ANALYSIS = YES;
				CLANG_WARN_STRICT_PROTOTYPES = YES;
				CLANG_WARN_SUSPICIOUS_MOVE = YES;
				CLANG_WARN_UNGUARDED_AVAILABILITY = YES_AGGRESSIVE;
				CLANG_WARN_UNREACHABLE_CODE = YES;
				CLANG_WARN__DUPLICATE_METHOD_MATCH = YES;
				CODE_SIGN_IDENTITY = "iPhone Developer";
				COPY_PHASE_STRIP = NO;
				DEBUG_INFORMATION_FORMAT = dwarf;
				ENABLE_STRICT_OBJC_MSGSEND = YES;
				ENABLE_TESTABILITY = YES;
				GCC_C_LANGUAGE_STANDARD = gnu11;
				GCC_DYNAMIC_NO_PIC = NO;
				GCC_NO_COMMON_BLOCKS = YES;
				GCC_OPTIMIZATION_LEVEL = 0;
				GCC_PREPROCESSOR_DEFINITIONS = (
					"DEBUG=1",
					"$(inherited)",
				);
				GCC_WARN_64_TO_32_BIT_CONVERSION = YES;
				GCC_WARN_ABOUT_RETURN_TYPE = YES_ERROR;
				GCC_WARN_UNDECLARED_SELECTOR = YES;
				GCC_WARN_UNINITIALIZED_AUTOS = YES_AGGRESSIVE;
				GCC_WARN_UNUSED_FUNCTION = YES;
				GCC_WARN_UNUSED_VARIABLE = YES;
				IPHONEOS_DEPLOYMENT_TARGET = 11.2;
				MTL_ENABLE_DEBUG_INFO = YES;
				ONLY_ACTIVE_ARCH = YES;
				SDKROOT = iphoneos;
			};
			name = Debug;
		};
		76EC4B482018B0E600E943EB /* Release */ = {
			isa = XCBuildConfiguration;
			buildSettings = {
				ALWAYS_SEARCH_USER_PATHS = NO;
				CLANG_ANALYZER_NONNULL = YES;
				CLANG_ANALYZER_NUMBER_OBJECT_CONVERSION = YES_AGGRESSIVE;
				CLANG_CXX_LANGUAGE_STANDARD = "gnu++14";
				CLANG_CXX_LIBRARY = "libc++";
				CLANG_ENABLE_MODULES = YES;
				CLANG_ENABLE_OBJC_ARC = YES;
				CLANG_WARN_BLOCK_CAPTURE_AUTORELEASING = YES;
				CLANG_WARN_BOOL_CONVERSION = YES;
				CLANG_WARN_COMMA = YES;
				CLANG_WARN_CONSTANT_CONVERSION = YES;
				CLANG_WARN_DIRECT_OBJC_ISA_USAGE = YES_ERROR;
				CLANG_WARN_DOCUMENTATION_COMMENTS = YES;
				CLANG_WARN_EMPTY_BODY = YES;
				CLANG_WARN_ENUM_CONVERSION = YES;
				CLANG_WARN_INFINITE_RECURSION = YES;
				CLANG_WARN_INT_CONVERSION = YES;
				CLANG_WARN_NON_LITERAL_NULL_CONVERSION = YES;
				CLANG_WARN_OBJC_LITERAL_CONVERSION = YES;
				CLANG_WARN_OBJC_ROOT_CLASS = YES_ERROR;
				CLANG_WARN_RANGE_LOOP_ANALYSIS = YES;
				CLANG_WARN_STRICT_PROTOTYPES = YES;
				CLANG_WARN_SUSPICIOUS_MOVE = YES;
				CLANG_WARN_UNGUARDED_AVAILABILITY = YES_AGGRESSIVE;
				CLANG_WARN_UNREACHABLE_CODE = YES;
				CLANG_WARN__DUPLICATE_METHOD_MATCH = YES;
				CODE_SIGN_IDENTITY = "iPhone Developer";
				COPY_PHASE_STRIP = NO;
				DEBUG_INFORMATION_FORMAT = "dwarf-with-dsym";
				ENABLE_NS_ASSERTIONS = NO;
				ENABLE_STRICT_OBJC_MSGSEND = YES;
				GCC_C_LANGUAGE_STANDARD = gnu11;
				GCC_NO_COMMON_BLOCKS = YES;
				GCC_WARN_64_TO_32_BIT_CONVERSION = YES;
				GCC_WARN_ABOUT_RETURN_TYPE = YES_ERROR;
				GCC_WARN_UNDECLARED_SELECTOR = YES;
				GCC_WARN_UNINITIALIZED_AUTOS = YES_AGGRESSIVE;
				GCC_WARN_UNUSED_FUNCTION = YES;
				GCC_WARN_UNUSED_VARIABLE = YES;
				IPHONEOS_DEPLOYMENT_TARGET = 11.2;
				MTL_ENABLE_DEBUG_INFO = NO;
				SDKROOT = iphoneos;
				VALIDATE_PRODUCT = YES;
			};
			name = Release;
		};
		76EC4B4A2018B0E600E943EB /* Debug */ = {
			isa = XCBuildConfiguration;
			buildSettings = {
				ASSETCATALOG_COMPILER_APPICON_NAME = AppIcon;
				CODE_SIGN_STYLE = Automatic;
				DEVELOPMENT_TEAM = KT67N39Q43;
				INFOPLIST_FILE = EndButton/Info.plist;
				LD_RUNPATH_SEARCH_PATHS = "$(inherited) @executable_path/Frameworks";
				PRODUCT_BUNDLE_IDENTIFIER = lp.EndButton;
				PRODUCT_NAME = "$(TARGET_NAME)";
				TARGETED_DEVICE_FAMILY = "1,2";
			};
			name = Debug;
		};
		76EC4B4B2018B0E600E943EB /* Release */ = {
			isa = XCBuildConfiguration;
			buildSettings = {
				ASSETCATALOG_COMPILER_APPICON_NAME = AppIcon;
				CODE_SIGN_STYLE = Automatic;
				DEVELOPMENT_TEAM = KT67N39Q43;
				INFOPLIST_FILE = EndButton/Info.plist;
				LD_RUNPATH_SEARCH_PATHS = "$(inherited) @executable_path/Frameworks";
				PRODUCT_BUNDLE_IDENTIFIER = lp.EndButton;
				PRODUCT_NAME = "$(TARGET_NAME)";
				TARGETED_DEVICE_FAMILY = "1,2";
			};
			name = Release;
		};
/* End XCBuildConfiguration section */

/* Begin XCConfigurationList section */
		76EC4B2B2018B0E600E943EB /* Build configuration list for PBXProject "EndButton" */ = {
			isa = XCConfigurationList;
			buildConfigurations = (
				76EC4B472018B0E600E943EB /* Debug */,
				76EC4B482018B0E600E943EB /* Release */,
			);
			defaultConfigurationIsVisible = 0;
			defaultConfigurationName = Release;
		};
		76EC4B492018B0E600E943EB /* Build configuration list for PBXNativeTarget "EndButton" */ = {
			isa = XCConfigurationList;
			buildConfigurations = (
				76EC4B4A2018B0E600E943EB /* Debug */,
				76EC4B4B2018B0E600E943EB /* Release */,
			);
			defaultConfigurationIsVisible = 0;
			defaultConfigurationName = Release;
		};
/* End XCConfigurationList section */

/* Begin XCVersionGroup section */
		76EC4B3C2018B0E600E943EB /* EndButton.xcdatamodeld */ = {
			isa = XCVersionGroup;
			children = (
				76EC4B3D2018B0E600E943EB /* EndButton.xcdatamodel */,
			);
			currentVersion = 76EC4B3D2018B0E600E943EB /* EndButton.xcdatamodel */;
			path = EndButton.xcdatamodeld;
			sourceTree = "<group>";
			versionGroupType = wrapper.xcdatamodel;
		};
/* End XCVersionGroup section */
	};
	rootObject = 76EC4B282018B0E600E943EB /* Project object */;
}
